<?xml version="1.0" encoding="utf-8"?>
<Project ToolsVersion="4.0" xmlns="http://schemas.microsoft.com/developer/msbuild/2003">
  <ItemGroup>
    <Filter Include="源文件">
      <UniqueIdentifier>{4FC737F1-C7A5-4376-A066-2A32D752A2FF}</UniqueIdentifier>
      <Extensions>cpp;c;cc;cxx;def;odl;idl;hpj;bat;asm;asmx</Extensions>
    </Filter>
    <Filter Include="头文件">
      <UniqueIdentifier>{93995380-89BD-4b04-88EB-625FBE52EBFB}</UniqueIdentifier>
      <Extensions>h;hh;hpp;hxx;hm;inl;inc;xsd</Extensions>
    </Filter>
    <Filter Include="资源文件">
      <UniqueIdentifier>{67DA6AB6-F800-4c08-8B7A-83BB121AAD01}</UniqueIdentifier>
      <Extensions>rc;ico;cur;bmp;dlg;rc2;rct;bin;rgs;gif;jpg;jpeg;jpe;resx;tiff;tif;png;wav;mfcribbon-ms</Extensions>
    </Filter>
  </ItemGroup>
  <ItemGroup>
    <ClInclude Include="BGIraw.h">
      <Filter>头文件</Filter>
    </ClInclude>
    <ClInclude Include="Common.h">
      <Filter>头文件</Filter>
    </ClInclude>
    <ClInclude Include="Compressor.h">
      <Filter>头文件</Filter>
    </ClInclude>
    <ClInclude Include="detours.h">
      <Filter>头文件</Filter>
    </ClInclude>
    <ClInclude Include="detver.h">
      <Filter>头文件</Filter>
    </ClInclude>
    <ClInclude Include="GetSysInfo.h">
      <Filter>头文件</Filter>
    </ClInclude>
    <ClInclude Include="Hash64.h">
      <Filter>头文件</Filter>
    </ClInclude>
    <ClInclude Include="ImageEx.h">
      <Filter>头文件</Filter>
    </ClInclude>
    <ClInclude Include="lz4.h">
      <Filter>头文件</Filter>
    </ClInclude>
    <ClInclude Include="MyNative.h">
      <Filter>头文件</Filter>
    </ClInclude>
    <ClInclude Include="NtDefine.h">
      <Filter>头文件</Filter>
    </ClInclude>
    <ClInclude Include="UCIGraph.h">
      <Filter>头文件</Filter>
    </ClInclude>
    <ClInclude Include="Tayutama2Hook.h">
      <Filter>头文件</Filter>
    </ClInclude>
  </ItemGroup>
  <ItemGroup>
    <ClCompile Include="Compressor.cpp">
      <Filter>源文件</Filter>
    </ClCompile>
    <ClCompile Include="dllmain.cpp">
      <Filter>源文件</Filter>
    </ClCompile>
    <ClCompile Include="FileSystem.cpp">
      <Filter>源文件</Filter>
    </ClCompile>
    <ClCompile Include="GetSysInfo.cpp">
      <Filter>源文件</Filter>
    </ClCompile>
    <ClCompile Include="HardwareInfo.cpp">
      <Filter>源文件</Filter>
    </ClCompile>
    <ClCompile Include="Hash64.cpp">
      <Filter>源文件</Filter>
    </ClCompile>
    <ClCompile Include="ImageEx.cpp">
      <Filter>源文件</Filter>
    </ClCompile>
    <ClCompile Include="MyNative.cpp">
      <Filter>源文件</Filter>
    </ClCompile>
    <ClCompile Include="tayutama2_chs.cpp">
      <Filter>源文件</Filter>
    </ClCompile>
    <ClCompile Include="Tayutama2Hook.cpp">
      <Filter>源文件</Filter>
    </ClCompile>
  </ItemGroup>
</Project>